
Microsoft Visual Studio Solution File, Format Version 12.00
# Visual Studio Version 16
VisualStudioVersion = 16.0.31105.61
MinimumVisualStudioVersion = 10.0.40219.1
Project("{FAE04EC0-301F-11D3-BF4B-00C04F79EFBC}") = "MonsterVariantsPlus", "MonsterVariants+\MonsterVariantsPlus.csproj", "{54D354C4-8679-4123-B52C-D52F48257921}"
EndProject
Project("{2150E333-8FDC-42A3-9474-1A3956D46DE8}") = "Thunderstore", "Thunderstore", "{233DFAA3-5683-42A3-AA57-F57CEC489D62}"
	ProjectSection(SolutionItems) = preProject
		Thunderstore\icon.png = Thunderstore\icon.png
		Thunderstore\manifest.json = Thunderstore\manifest.json
		Thunderstore\MonsterVariants+.zip = Thunderstore\MonsterVariants+.zip
		Thunderstore\MonsterVariantsPlus.dll = Thunderstore\MonsterVariantsPlus.dll
		Thunderstore\README.md = Thunderstore\README.md
	EndProjectSection
EndProject
Project("{2150E333-8FDC-42A3-9474-1A3956D46DE8}") = "Assets", "Assets", "{E51F5C3A-ED5E-45E8-9295-AEE2B14EC051}"
	ProjectSection(SolutionItems) = preProject
		Unity\Assets\ArtifactIcon.clip = Unity\Assets\ArtifactIcon.clip
	EndProjectSection
EndProject
Project("{2150E333-8FDC-42A3-9474-1A3956D46DE8}") = "Materials", "Materials", "{241B210F-6F3C-47A8-8245-A08C23430ACA}"
	ProjectSection(SolutionItems) = preProject
		Unity\Assets\Materials\ADShroom.mat = Unity\Assets\Materials\ADShroom.mat
		Unity\Assets\Materials\AlphaBison.mat = Unity\Assets\Materials\AlphaBison.mat
		Unity\Assets\Materials\AluminumContraption.mat = Unity\Assets\Materials\AluminumContraption.mat
		Unity\Assets\Materials\HealerShroom.mat = Unity\Assets\Materials\HealerShroom.mat
		Unity\Assets\Materials\IchorImp.mat = Unity\Assets\Materials\IchorImp.mat
		Unity\Assets\Materials\SteelContraption.mat = Unity\Assets\Materials\SteelContraption.mat
	EndProjectSection
EndProject
Project("{2150E333-8FDC-42A3-9474-1A3956D46DE8}") = "Meshes", "Meshes", "{E38345BF-0C36-4A53-AA6E-AF4533C38F68}"
	ProjectSection(SolutionItems) = preProject
		Unity\Assets\Meshes\BellMesh.obj = Unity\Assets\Meshes\BellMesh.obj
	EndProjectSection
EndProject
Project("{2150E333-8FDC-42A3-9474-1A3956D46DE8}") = "Scenes", "Scenes", "{2D61199E-E9CA-4EF7-B152-3D915A6CC0DF}"
	ProjectSection(SolutionItems) = preProject
		Unity\Assets\Scenes\SampleScene.unity = Unity\Assets\Scenes\SampleScene.unity
	EndProjectSection
EndProject
Project("{2150E333-8FDC-42A3-9474-1A3956D46DE8}") = "Shaders", "Shaders", "{A1D5449A-DB24-445A-A1F9-C5A6DE7F0CA4}"
	ProjectSection(SolutionItems) = preProject
		Unity\Assets\Shaders\hgstandard.shader = Unity\Assets\Shaders\hgstandard.shader
	EndProjectSection
EndProject
Project("{2150E333-8FDC-42A3-9474-1A3956D46DE8}") = "Textures", "Textures", "{C545788F-0718-4E3B-8D38-71C81B0460BB}"
EndProject
Project("{2150E333-8FDC-42A3-9474-1A3956D46DE8}") = "ADShroom", "ADShroom", "{A857EDA8-5E7D-4B20-9C52-E32D39DA93F6}"
	ProjectSection(SolutionItems) = preProject
		Unity\Assets\Textures\ADShroom\ADShroom.png = Unity\Assets\Textures\ADShroom\ADShroom.png
		Unity\Assets\Textures\ADShroom\ADShroom_Normal.png = Unity\Assets\Textures\ADShroom\ADShroom_Normal.png
		Unity\Assets\Textures\ADShroom\ADShroomEmmision.png = Unity\Assets\Textures\ADShroom\ADShroomEmmision.png
	EndProjectSection
EndProject
Project("{2150E333-8FDC-42A3-9474-1A3956D46DE8}") = "AlphaBison", "AlphaBison", "{D617AE4B-6A00-4851-B3EA-05AAD1FBCDDF}"
	ProjectSection(SolutionItems) = preProject
		Unity\Assets\Textures\AlphaBison\AlphaBison.png = Unity\Assets\Textures\AlphaBison\AlphaBison.png
		Unity\Assets\Textures\AlphaBison\AlphaBison_Hair.png = Unity\Assets\Textures\AlphaBison\AlphaBison_Hair.png
		Unity\Assets\Textures\AlphaBison\AlphaBison_Normal.png = Unity\Assets\Textures\AlphaBison\AlphaBison_Normal.png
	EndProjectSection
EndProject
Project("{2150E333-8FDC-42A3-9474-1A3956D46DE8}") = "HealerShroom", "HealerShroom", "{6574E9B5-B2BF-457A-B252-8092C79E54AF}"
	ProjectSection(SolutionItems) = preProject
		Unity\Assets\Textures\HealerShroom\HealerShroom.png = Unity\Assets\Textures\HealerShroom\HealerShroom.png
		Unity\Assets\Textures\HealerShroom\HealerShroomEmmision.png = Unity\Assets\Textures\HealerShroom\HealerShroomEmmision.png
		Unity\Assets\Textures\HealerShroom\HealerShroomNormal.png = Unity\Assets\Textures\HealerShroom\HealerShroomNormal.png
	EndProjectSection
EndProject
Project("{2150E333-8FDC-42A3-9474-1A3956D46DE8}") = "SteelContraption", "SteelContraption", "{4FEB17A0-60B5-43D5-A8AD-C07988B376E5}"
	ProjectSection(SolutionItems) = preProject
		Unity\Assets\Textures\SteelContraption\SteelContraption.png = Unity\Assets\Textures\SteelContraption\SteelContraption.png
		Unity\Assets\Textures\SteelContraption\SteelContraption_Normal.png = Unity\Assets\Textures\SteelContraption\SteelContraption_Normal.png
	EndProjectSection
EndProject
Project("{2150E333-8FDC-42A3-9474-1A3956D46DE8}") = "AluminumContraption", "AluminumContraption", "{92C97A03-E7EF-44B0-815C-99470341AB6A}"
	ProjectSection(SolutionItems) = preProject
		Unity\Assets\Textures\AluminumContraption\AluminumContraptionDiffuse.png = Unity\Assets\Textures\AluminumContraption\AluminumContraptionDiffuse.png
		Unity\Assets\Textures\AluminumContraption\AluminumContraptionNormal.png = Unity\Assets\Textures\AluminumContraption\AluminumContraptionNormal.png
	EndProjectSection
EndProject
Project("{2150E333-8FDC-42A3-9474-1A3956D46DE8}") = "Artifact", "Artifact", "{A72BF007-5422-4043-98E3-79A3A16D7F1B}"
	ProjectSection(SolutionItems) = preProject
		Unity\Assets\Textures\Artifact\VarianceDisabled.png = Unity\Assets\Textures\Artifact\VarianceDisabled.png
		Unity\Assets\Textures\Artifact\VarianceEnabled.png = Unity\Assets\Textures\Artifact\VarianceEnabled.png
	EndProjectSection
EndProject
Project("{2150E333-8FDC-42A3-9474-1A3956D46DE8}") = "IchorImp", "IchorImp", "{07BEDB95-9E4B-4E43-A249-D5CEB802F765}"
	ProjectSection(SolutionItems) = preProject
		Unity\Assets\Textures\IchorImp\IchorImp.png = Unity\Assets\Textures\IchorImp\IchorImp.png
		Unity\Assets\Textures\IchorImp\IchorImpEmission.png = Unity\Assets\Textures\IchorImp\IchorImpEmission.png
		Unity\Assets\Textures\IchorImp\IchorImpNormal.png = Unity\Assets\Textures\IchorImp\IchorImpNormal.png
	EndProjectSection
EndProject
Global
	GlobalSection(SolutionConfigurationPlatforms) = preSolution
		Debug|Any CPU = Debug|Any CPU
		Release|Any CPU = Release|Any CPU
	EndGlobalSection
	GlobalSection(ProjectConfigurationPlatforms) = postSolution
		{54D354C4-8679-4123-B52C-D52F48257921}.Debug|Any CPU.ActiveCfg = Debug|Any CPU
		{54D354C4-8679-4123-B52C-D52F48257921}.Debug|Any CPU.Build.0 = Debug|Any CPU
		{54D354C4-8679-4123-B52C-D52F48257921}.Release|Any CPU.ActiveCfg = Release|Any CPU
		{54D354C4-8679-4123-B52C-D52F48257921}.Release|Any CPU.Build.0 = Release|Any CPU
	EndGlobalSection
	GlobalSection(SolutionProperties) = preSolution
		HideSolutionNode = FALSE
	EndGlobalSection
	GlobalSection(NestedProjects) = preSolution
		{241B210F-6F3C-47A8-8245-A08C23430ACA} = {E51F5C3A-ED5E-45E8-9295-AEE2B14EC051}
		{E38345BF-0C36-4A53-AA6E-AF4533C38F68} = {E51F5C3A-ED5E-45E8-9295-AEE2B14EC051}
		{2D61199E-E9CA-4EF7-B152-3D915A6CC0DF} = {E51F5C3A-ED5E-45E8-9295-AEE2B14EC051}
		{A1D5449A-DB24-445A-A1F9-C5A6DE7F0CA4} = {E51F5C3A-ED5E-45E8-9295-AEE2B14EC051}
		{C545788F-0718-4E3B-8D38-71C81B0460BB} = {E51F5C3A-ED5E-45E8-9295-AEE2B14EC051}
		{A857EDA8-5E7D-4B20-9C52-E32D39DA93F6} = {C545788F-0718-4E3B-8D38-71C81B0460BB}
		{D617AE4B-6A00-4851-B3EA-05AAD1FBCDDF} = {C545788F-0718-4E3B-8D38-71C81B0460BB}
		{6574E9B5-B2BF-457A-B252-8092C79E54AF} = {C545788F-0718-4E3B-8D38-71C81B0460BB}
		{4FEB17A0-60B5-43D5-A8AD-C07988B376E5} = {C545788F-0718-4E3B-8D38-71C81B0460BB}
		{92C97A03-E7EF-44B0-815C-99470341AB6A} = {C545788F-0718-4E3B-8D38-71C81B0460BB}
		{A72BF007-5422-4043-98E3-79A3A16D7F1B} = {C545788F-0718-4E3B-8D38-71C81B0460BB}
		{07BEDB95-9E4B-4E43-A249-D5CEB802F765} = {C545788F-0718-4E3B-8D38-71C81B0460BB}
	EndGlobalSection
	GlobalSection(ExtensibilityGlobals) = postSolution
		SolutionGuid = {B0142633-C6E9-49CD-88D9-D98C3E562443}
	EndGlobalSection
EndGlobal
