
Microsoft Visual Studio Solution File, Format Version 12.00
# Visual Studio Version 16
VisualStudioVersion = 16.0.31105.61
MinimumVisualStudioVersion = 10.0.40219.1
Project("{FAE04EC0-301F-11D3-BF4B-00C04F79EFBC}") = "MonsterVariants+", "MonsterVariants+\MonsterVariants+.csproj", "{54D354C4-8679-4123-B52C-D52F48257921}"
EndProject
Project("{2150E333-8FDC-42A3-9474-1A3956D46DE8}") = "Thunderstore", "Thunderstore", "{233DFAA3-5683-42A3-AA57-F57CEC489D62}"
	ProjectSection(SolutionItems) = preProject
		Thunderstore\icon.png = Thunderstore\icon.png
		Thunderstore\manifest.json = Thunderstore\manifest.json
		Thunderstore\MonsterVariants+.zip = Thunderstore\MonsterVariants+.zip
		Thunderstore\MonsterVariantsPlus.dll = Thunderstore\MonsterVariantsPlus.dll
		Thunderstore\README.md = Thunderstore\README.md
	EndProjectSection
EndProject
Global
	GlobalSection(SolutionConfigurationPlatforms) = preSolution
		Debug|Any CPU = Debug|Any CPU
		Release|Any CPU = Release|Any CPU
	EndGlobalSection
	GlobalSection(ProjectConfigurationPlatforms) = postSolution
		{54D354C4-8679-4123-B52C-D52F48257921}.Debug|Any CPU.ActiveCfg = Debug|Any CPU
		{54D354C4-8679-4123-B52C-D52F48257921}.Debug|Any CPU.Build.0 = Debug|Any CPU
		{54D354C4-8679-4123-B52C-D52F48257921}.Release|Any CPU.ActiveCfg = Release|Any CPU
		{54D354C4-8679-4123-B52C-D52F48257921}.Release|Any CPU.Build.0 = Release|Any CPU
	EndGlobalSection
	GlobalSection(SolutionProperties) = preSolution
		HideSolutionNode = FALSE
	EndGlobalSection
	GlobalSection(ExtensibilityGlobals) = postSolution
		SolutionGuid = {B0142633-C6E9-49CD-88D9-D98C3E562443}
	EndGlobalSection
EndGlobal
